
Microsoft Visual Studio Solution File, Format Version 12.00
# Visual Studio Version 17
VisualStudioVersion = 17.14.36518.9 d17.14
MinimumVisualStudioVersion = 10.0.40219.1
Project("{FAE04EC0-301F-11D3-BF4B-00C04F79EFBC}") = "SchedulerWebApi", "SchedulerWebApi.csproj", "{0D98647A-64C9-C30C-079F-76965EC59FBA}"
EndProject
Global
	GlobalSection(SolutionConfigurationPlatforms) = preSolution
		Debug|Any CPU = Debug|Any CPU
		Release|Any CPU = Release|Any CPU
	EndGlobalSection
	GlobalSection(ProjectConfigurationPlatforms) = postSolution
		{0D98647A-64C9-C30C-079F-76965EC59FBA}.Debug|Any CPU.ActiveCfg = Debug|Any CPU
		{0D98647A-64C9-C30C-079F-76965EC59FBA}.Debug|Any CPU.Build.0 = Debug|Any CPU
		{0D98647A-64C9-C30C-079F-76965EC59FBA}.Release|Any CPU.ActiveCfg = Release|Any CPU
		{0D98647A-64C9-C30C-079F-76965EC59FBA}.Release|Any CPU.Build.0 = Release|Any CPU
	EndGlobalSection
	GlobalSection(SolutionProperties) = preSolution
		HideSolutionNode = FALSE
	EndGlobalSection
	GlobalSection(ExtensibilityGlobals) = postSolution
		SolutionGuid = {98EA61BA-5096-4F3E-A19C-54C084F1D982}
	EndGlobalSection
EndGlobal
